// !$*UTF8*$!
{
	archiveVersion = 1;
	classes = {
	};
	objectVersion = 46;
	objects = {

/* Begin PBXBuildFile section */
		470098C01C947DF500656A1E /* WorldCooker.cpp in Sources */ = {isa = PBXBuildFile; fileRef = 470098BE1C947DF500656A1E /* WorldCooker.cpp */; };
		47073A151D3F2C080075C3A3 /* libtbb.dylib in Frameworks */ = {isa = PBXBuildFile; fileRef = 47073A131D3F2C080075C3A3 /* libtbb.dylib */; };
		47073A161D3F2C080075C3A3 /* libtbbmalloc.dylib in Frameworks */ = {isa = PBXBuildFile; fileRef = 47073A141D3F2C080075C3A3 /* libtbbmalloc.dylib */; };
		473F9CF31C8FB10000A8ED8E /* TextureCooker.cpp in Sources */ = {isa = PBXBuildFile; fileRef = 473F9CF11C8FB10000A8ED8E /* TextureCooker.cpp */; };
		47D202B31C8550FC00F253EF /* main.cpp in Sources */ = {isa = PBXBuildFile; fileRef = 47D202B21C8550FC00F253EF /* main.cpp */; };
		47E3C12E1C8C752500F3EA06 /* MeshCooker.cpp in Sources */ = {isa = PBXBuildFile; fileRef = 47E3C12C1C8C752500F3EA06 /* MeshCooker.cpp */; };
		47E3C1311C8C795100F3EA06 /* RyujinCooker.cpp in Sources */ = {isa = PBXBuildFile; fileRef = 47E3C1301C8C795100F3EA06 /* RyujinCooker.cpp */; };
/* End PBXBuildFile section */

/* Begin PBXFileReference section */
		470098BE1C947DF500656A1E /* WorldCooker.cpp */ = {isa = PBXFileReference; fileEncoding = 4; lastKnownFileType = sourcecode.cpp.cpp; path = WorldCooker.cpp; sourceTree = "<group>"; };
		470098BF1C947DF500656A1E /* WorldCooker.hpp */ = {isa = PBXFileReference; fileEncoding = 4; lastKnownFileType = sourcecode.cpp.h; path = WorldCooker.hpp; sourceTree = "<group>"; };
		47073A131D3F2C080075C3A3 /* libtbb.dylib */ = {isa = PBXFileReference; lastKnownFileType = "compiled.mach-o.dylib"; name = libtbb.dylib; path = ../../ThirdParty/tbb/lib/mac/libtbb.dylib; sourceTree = "<group>"; };
		47073A141D3F2C080075C3A3 /* libtbbmalloc.dylib */ = {isa = PBXFileReference; lastKnownFileType = "compiled.mach-o.dylib"; name = libtbbmalloc.dylib; path = ../../ThirdParty/tbb/lib/mac/libtbbmalloc.dylib; sourceTree = "<group>"; };
		473F9CF11C8FB10000A8ED8E /* TextureCooker.cpp */ = {isa = PBXFileReference; fileEncoding = 4; lastKnownFileType = sourcecode.cpp.cpp; path = TextureCooker.cpp; sourceTree = "<group>"; };
		473F9CF21C8FB10000A8ED8E /* TextureCooker.hpp */ = {isa = PBXFileReference; fileEncoding = 4; lastKnownFileType = sourcecode.cpp.h; path = TextureCooker.hpp; sourceTree = "<group>"; };
		47D202AF1C8550FC00F253EF /* RyujinCooker_d */ = {isa = PBXFileReference; explicitFileType = "compiled.mach-o.executable"; includeInIndex = 0; path = RyujinCooker_d; sourceTree = BUILT_PRODUCTS_DIR; };
		47D202B21C8550FC00F253EF /* main.cpp */ = {isa = PBXFileReference; lastKnownFileType = sourcecode.cpp.cpp; path = main.cpp; sourceTree = "<group>"; };
		47E3C12C1C8C752500F3EA06 /* MeshCooker.cpp */ = {isa = PBXFileReference; fileEncoding = 4; lastKnownFileType = sourcecode.cpp.cpp; path = MeshCooker.cpp; sourceTree = "<group>"; };
		47E3C12D1C8C752500F3EA06 /* MeshCooker.hpp */ = {isa = PBXFileReference; fileEncoding = 4; lastKnownFileType = sourcecode.cpp.h; path = MeshCooker.hpp; sourceTree = "<group>"; };
		47E3C12F1C8C772100F3EA06 /* RyujinCooker.hpp */ = {isa = PBXFileReference; lastKnownFileType = sourcecode.cpp.h; path = RyujinCooker.hpp; sourceTree = "<group>"; };
		47E3C1301C8C795100F3EA06 /* RyujinCooker.cpp */ = {isa = PBXFileReference; fileEncoding = 4; lastKnownFileType = sourcecode.cpp.cpp; path = RyujinCooker.cpp; sourceTree = "<group>"; };
		47E3C1321C8C809100F3EA06 /* CookerCommon.hpp */ = {isa = PBXFileReference; lastKnownFileType = sourcecode.cpp.h; path = CookerCommon.hpp; sourceTree = "<group>"; };
/* End PBXFileReference section */

/* Begin PBXFrameworksBuildPhase section */
		47D202AC1C8550FC00F253EF /* Frameworks */ = {
			isa = PBXFrameworksBuildPhase;
			buildActionMask = 2147483647;
			files = (
				47073A151D3F2C080075C3A3 /* libtbb.dylib in Frameworks */,
				47073A161D3F2C080075C3A3 /* libtbbmalloc.dylib in Frameworks */,
			);
			runOnlyForDeploymentPostprocessing = 0;
		};
/* End PBXFrameworksBuildPhase section */

/* Begin PBXGroup section */
		47073A171D3F2C1B0075C3A3 /* _Framework */ = {
			isa = PBXGroup;
			children = (
				47073A131D3F2C080075C3A3 /* libtbb.dylib */,
				47073A141D3F2C080075C3A3 /* libtbbmalloc.dylib */,
			);
			name = _Framework;
			sourceTree = "<group>";
		};
		47D202A61C8550FC00F253EF = {
			isa = PBXGroup;
			children = (
				47073A171D3F2C1B0075C3A3 /* _Framework */,
				47D202B01C8550FC00F253EF /* _Products */,
				47D202B11C8550FC00F253EF /* RyujinCooker */,
			);
			sourceTree = "<group>";
		};
		47D202B01C8550FC00F253EF /* _Products */ = {
			isa = PBXGroup;
			children = (
				47D202AF1C8550FC00F253EF /* RyujinCooker_d */,
			);
			name = _Products;
			sourceTree = "<group>";
		};
		47D202B11C8550FC00F253EF /* RyujinCooker */ = {
			isa = PBXGroup;
			children = (
				47E3C1321C8C809100F3EA06 /* CookerCommon.hpp */,
				47D202B21C8550FC00F253EF /* main.cpp */,
				47E3C12C1C8C752500F3EA06 /* MeshCooker.cpp */,
				47E3C12D1C8C752500F3EA06 /* MeshCooker.hpp */,
				47E3C1301C8C795100F3EA06 /* RyujinCooker.cpp */,
				47E3C12F1C8C772100F3EA06 /* RyujinCooker.hpp */,
				473F9CF11C8FB10000A8ED8E /* TextureCooker.cpp */,
				473F9CF21C8FB10000A8ED8E /* TextureCooker.hpp */,
				470098BE1C947DF500656A1E /* WorldCooker.cpp */,
				470098BF1C947DF500656A1E /* WorldCooker.hpp */,
			);
			path = RyujinCooker;
			sourceTree = "<group>";
		};
/* End PBXGroup section */

/* Begin PBXNativeTarget section */
		47D202AE1C8550FC00F253EF /* RyujinCooker */ = {
			isa = PBXNativeTarget;
			buildConfigurationList = 47D202B61C8550FC00F253EF /* Build configuration list for PBXNativeTarget "RyujinCooker" */;
			buildPhases = (
				47D202AB1C8550FC00F253EF /* Sources */,
				47D202AC1C8550FC00F253EF /* Frameworks */,
			);
			buildRules = (
			);
			dependencies = (
			);
			name = RyujinCooker;
			productName = RyujinCooker;
			productReference = 47D202AF1C8550FC00F253EF /* RyujinCooker_d */;
			productType = "com.apple.product-type.tool";
		};
/* End PBXNativeTarget section */

/* Begin PBXProject section */
		47D202A71C8550FC00F253EF /* Project object */ = {
			isa = PBXProject;
			attributes = {
				LastUpgradeCheck = 0900;
				ORGANIZATIONNAME = Xavi;
				TargetAttributes = {
					47D202AE1C8550FC00F253EF = {
						CreatedOnToolsVersion = 7.0;
					};
				};
			};
			buildConfigurationList = 47D202AA1C8550FC00F253EF /* Build configuration list for PBXProject "RyujinCooker" */;
			compatibilityVersion = "Xcode 3.2";
			developmentRegion = English;
			hasScannedForEncodings = 0;
			knownRegions = (
				en,
			);
			mainGroup = 47D202A61C8550FC00F253EF;
			productRefGroup = 47D202B01C8550FC00F253EF /* _Products */;
			projectDirPath = "";
			projectRoot = "";
			targets = (
				47D202AE1C8550FC00F253EF /* RyujinCooker */,
			);
		};
/* End PBXProject section */

/* Begin PBXSourcesBuildPhase section */
		47D202AB1C8550FC00F253EF /* Sources */ = {
			isa = PBXSourcesBuildPhase;
			buildActionMask = 2147483647;
			files = (
				47E3C1311C8C795100F3EA06 /* RyujinCooker.cpp in Sources */,
				470098C01C947DF500656A1E /* WorldCooker.cpp in Sources */,
				47D202B31C8550FC00F253EF /* main.cpp in Sources */,
				473F9CF31C8FB10000A8ED8E /* TextureCooker.cpp in Sources */,
				47E3C12E1C8C752500F3EA06 /* MeshCooker.cpp in Sources */,
			);
			runOnlyForDeploymentPostprocessing = 0;
		};
/* End PBXSourcesBuildPhase section */

/* Begin XCBuildConfiguration section */
		47D202B41C8550FC00F253EF /* Debug */ = {
			isa = XCBuildConfiguration;
			buildSettings = {
				ALWAYS_SEARCH_USER_PATHS = NO;
				CLANG_CXX_LANGUAGE_STANDARD = "c++0x";
				CLANG_CXX_LIBRARY = "libc++";
				CLANG_ENABLE_MODULES = YES;
				CLANG_ENABLE_OBJC_ARC = YES;
				CLANG_WARN_BLOCK_CAPTURE_AUTORELEASING = YES;
				CLANG_WARN_BOOL_CONVERSION = YES;
				CLANG_WARN_COMMA = YES;
				CLANG_WARN_CONSTANT_CONVERSION = YES;
				CLANG_WARN_DIRECT_OBJC_ISA_USAGE = YES_ERROR;
				CLANG_WARN_EMPTY_BODY = YES;
				CLANG_WARN_ENUM_CONVERSION = YES;
				CLANG_WARN_INFINITE_RECURSION = YES;
				CLANG_WARN_INT_CONVERSION = YES;
				CLANG_WARN_NON_LITERAL_NULL_CONVERSION = YES;
				CLANG_WARN_OBJC_LITERAL_CONVERSION = YES;
				CLANG_WARN_OBJC_ROOT_CLASS = YES_ERROR;
				CLANG_WARN_RANGE_LOOP_ANALYSIS = YES;
				CLANG_WARN_STRICT_PROTOTYPES = YES;
				CLANG_WARN_SUSPICIOUS_MOVE = YES;
				CLANG_WARN_UNREACHABLE_CODE = YES;
				CLANG_WARN__DUPLICATE_METHOD_MATCH = YES;
				CONFIGURATION_BUILD_DIR = ../../_Build/Mac/Debug;
				COPY_PHASE_STRIP = NO;
				DEBUG_INFORMATION_FORMAT = dwarf;
				ENABLE_STRICT_OBJC_MSGSEND = YES;
				ENABLE_TESTABILITY = YES;
				GCC_C_LANGUAGE_STANDARD = gnu99;
				GCC_DYNAMIC_NO_PIC = NO;
				GCC_NO_COMMON_BLOCKS = YES;
				GCC_OPTIMIZATION_LEVEL = 0;
				GCC_PREPROCESSOR_DEFINITIONS = (
					"DEBUG=1",
					"$(inherited)",
					"USE_TBB=1",
				);
				GCC_WARN_64_TO_32_BIT_CONVERSION = YES;
				GCC_WARN_ABOUT_RETURN_TYPE = YES_ERROR;
				GCC_WARN_UNDECLARED_SELECTOR = YES;
				GCC_WARN_UNINITIALIZED_AUTOS = YES_AGGRESSIVE;
				GCC_WARN_UNUSED_FUNCTION = YES;
				GCC_WARN_UNUSED_VARIABLE = YES;
				HEADER_SEARCH_PATHS = (
					../..,
					../../ThirdParty/tbb/include,
				);
				LD_RUNPATH_SEARCH_PATHS = "@loader_path/../../ThirdParty/tbb/lib/mac @loader_path";
				LIBRARY_SEARCH_PATHS = ../../ThirdParty/tbb/lib/mac;
				MACOSX_DEPLOYMENT_TARGET = 10.12;
				MTL_ENABLE_DEBUG_INFO = YES;
				ONLY_ACTIVE_ARCH = YES;
				OTHER_CPLUSPLUSFLAGS = (
					"$(OTHER_CFLAGS)",
					"-Wno-unused-function",
					"-Wno-unused-variable",
					"-Wno-unused-parameter",
					"-Wno-conversion",
					"-Wno-switch-enum",
					"-Wno-unused-value",
					"-Wno-enum-conversion",
					"-Wno-switch",
					"-Wno-tautological-compare",
					"-Wno-unused-const-variable",
					"-x",
					"objective-c++",
					"-Wno-inline-new-delete",
				);
				OTHER_LDFLAGS = (
					"-lRyujinRendererMetal_d",
					"-lRyujinCore_d",
				);
				SDKROOT = macosx;
			};
			name = Debug;
		};
		47D202B51C8550FC00F253EF /* Release */ = {
			isa = XCBuildConfiguration;
			buildSettings = {
				ALWAYS_SEARCH_USER_PATHS = NO;
				CLANG_CXX_LANGUAGE_STANDARD = "c++0x";
				CLANG_CXX_LIBRARY = "libc++";
				CLANG_ENABLE_MODULES = YES;
				CLANG_ENABLE_OBJC_ARC = YES;
				CLANG_WARN_BLOCK_CAPTURE_AUTORELEASING = YES;
				CLANG_WARN_BOOL_CONVERSION = YES;
				CLANG_WARN_COMMA = YES;
				CLANG_WARN_CONSTANT_CONVERSION = YES;
				CLANG_WARN_DIRECT_OBJC_ISA_USAGE = YES_ERROR;
				CLANG_WARN_EMPTY_BODY = YES;
				CLANG_WARN_ENUM_CONVERSION = YES;
				CLANG_WARN_INFINITE_RECURSION = YES;
				CLANG_WARN_INT_CONVERSION = YES;
				CLANG_WARN_NON_LITERAL_NULL_CONVERSION = YES;
				CLANG_WARN_OBJC_LITERAL_CONVERSION = YES;
				CLANG_WARN_OBJC_ROOT_CLASS = YES_ERROR;
				CLANG_WARN_RANGE_LOOP_ANALYSIS = YES;
				CLANG_WARN_STRICT_PROTOTYPES = YES;
				CLANG_WARN_SUSPICIOUS_MOVE = YES;
				CLANG_WARN_UNREACHABLE_CODE = YES;
				CLANG_WARN__DUPLICATE_METHOD_MATCH = YES;
				CONFIGURATION_BUILD_DIR = ../../_Build/Mac/Release;
				COPY_PHASE_STRIP = NO;
				DEBUG_INFORMATION_FORMAT = "dwarf-with-dsym";
				ENABLE_NS_ASSERTIONS = NO;
				ENABLE_STRICT_OBJC_MSGSEND = YES;
				GCC_C_LANGUAGE_STANDARD = gnu99;
				GCC_NO_COMMON_BLOCKS = YES;
				GCC_PREPROCESSOR_DEFINITIONS = "USE_TBB=1";
				GCC_WARN_64_TO_32_BIT_CONVERSION = YES;
				GCC_WARN_ABOUT_RETURN_TYPE = YES_ERROR;
				GCC_WARN_UNDECLARED_SELECTOR = YES;
				GCC_WARN_UNINITIALIZED_AUTOS = YES_AGGRESSIVE;
				GCC_WARN_UNUSED_FUNCTION = YES;
				GCC_WARN_UNUSED_VARIABLE = YES;
				HEADER_SEARCH_PATHS = (
					../..,
					../../ThirdParty/tbb/include,
				);
				LD_RUNPATH_SEARCH_PATHS = "@loader_path/../../ThirdParty/tbb/lib/mac @loader_path";
				LIBRARY_SEARCH_PATHS = ../../ThirdParty/tbb/lib/mac;
				MACOSX_DEPLOYMENT_TARGET = 10.12;
				MTL_ENABLE_DEBUG_INFO = NO;
				OTHER_CPLUSPLUSFLAGS = (
					"$(OTHER_CFLAGS)",
					"-Wno-unused-function",
					"-Wno-unused-variable",
					"-Wno-unused-parameter",
					"-Wno-conversion",
					"-Wno-switch-enum",
					"-Wno-unused-value",
					"-Wno-enum-conversion",
					"-Wno-switch",
					"-Wno-tautological-compare",
					"-Wno-unused-const-variable",
					"-x",
					"objective-c++",
					"-Wno-inline-new-delete",
				);
				OTHER_LDFLAGS = (
					"-lRyujinRendererMetal",
					"-lRyujinCore",
				);
				SDKROOT = macosx;
			};
			name = Release;
		};
		47D202B71C8550FC00F253EF /* Debug */ = {
			isa = XCBuildConfiguration;
			buildSettings = {
				INSTALL_PATH = "@rpath";
				LD_RUNPATH_SEARCH_PATHS = "@loader_path/../../../ThirdParty/tbb/lib/mac @loader_path";
				PRODUCT_NAME = "$(TARGET_NAME)_d";
			};
			name = Debug;
		};
		47D202B81C8550FC00F253EF /* Release */ = {
			isa = XCBuildConfiguration;
			buildSettings = {
				INSTALL_PATH = "@rpath";
				LD_RUNPATH_SEARCH_PATHS = "@loader_path/../../../ThirdParty/tbb/lib/mac @loader_path";
				PRODUCT_NAME = "$(TARGET_NAME)";
			};
			name = Release;
		};
/* End XCBuildConfiguration section */

/* Begin XCConfigurationList section */
		47D202AA1C8550FC00F253EF /* Build configuration list for PBXProject "RyujinCooker" */ = {
			isa = XCConfigurationList;
			buildConfigurations = (
				47D202B41C8550FC00F253EF /* Debug */,
				47D202B51C8550FC00F253EF /* Release */,
			);
			defaultConfigurationIsVisible = 0;
			defaultConfigurationName = Release;
		};
		47D202B61C8550FC00F253EF /* Build configuration list for PBXNativeTarget "RyujinCooker" */ = {
			isa = XCConfigurationList;
			buildConfigurations = (
				47D202B71C8550FC00F253EF /* Debug */,
				47D202B81C8550FC00F253EF /* Release */,
			);
			defaultConfigurationIsVisible = 0;
			defaultConfigurationName = Release;
		};
/* End XCConfigurationList section */
	};
	rootObject = 47D202A71C8550FC00F253EF /* Project object */;
}
